
Microsoft Visual Studio Solution File, Format Version 12.00
# Visual Studio Version 17
VisualStudioVersion = 17.6.33723.286
MinimumVisualStudioVersion = 10.0.40219.1
Project("{FAE04EC0-301F-11D3-BF4B-00C04F79EFBC}") = "FamilyTree", "FamilyTree\FamilyTree.csproj", "{272DE6D7-46D6-4800-916D-6423969DDD12}"
EndProject
Global
	GlobalSection(SolutionConfigurationPlatforms) = preSolution
		Debug|Any CPU = Debug|Any CPU
		Release|Any CPU = Release|Any CPU
	EndGlobalSection
	GlobalSection(ProjectConfigurationPlatforms) = postSolution
		{272DE6D7-46D6-4800-916D-6423969DDD12}.Debug|Any CPU.ActiveCfg = Debug|Any CPU
		{272DE6D7-46D6-4800-916D-6423969DDD12}.Debug|Any CPU.Build.0 = Debug|Any CPU
		{272DE6D7-46D6-4800-916D-6423969DDD12}.Release|Any CPU.ActiveCfg = Release|Any CPU
		{272DE6D7-46D6-4800-916D-6423969DDD12}.Release|Any CPU.Build.0 = Release|Any CPU
	EndGlobalSection
	GlobalSection(SolutionProperties) = preSolution
		HideSolutionNode = FALSE
	EndGlobalSection
	GlobalSection(ExtensibilityGlobals) = postSolution
		SolutionGuid = {38DD0836-9293-4C95-846F-476F8D74F38C}
	EndGlobalSection
EndGlobal
